<?xml version="1.0" encoding="utf-8"?>
<Project ToolsVersion="4.0" xmlns="http://schemas.microsoft.com/developer/msbuild/2003">
  <ItemGroup>
    <Filter Include="Source Files">
      <UniqueIdentifier>{2a73d5d5-289f-4af6-98d9-82347fd90d15}</UniqueIdentifier>
      <Extensions>cpp;c;cxx;rc;def;r;odl;idl;hpj;bat;for;f90</Extensions>
    </Filter>
    <Filter Include="Header Files">
      <UniqueIdentifier>{a1c1869e-0f93-4690-a12d-a6f3cb2ade3b}</UniqueIdentifier>
      <Extensions>h;hpp;hxx;hm;inl;fi;fd</Extensions>
    </Filter>
    <Filter Include="Resource Files">
      <UniqueIdentifier>{ce38f00d-6af9-43ce-b031-ce29e0ae5552}</UniqueIdentifier>
      <Extensions>ico;cur;bmp;dlg;rc2;rct;bin;cnt;rtf;gif;jpg;jpeg;jpe</Extensions>
    </Filter>
    <Filter Include="Source Files\game">
      <UniqueIdentifier>{be30ad81-a9a0-4387-a446-ef510d6f932c}</UniqueIdentifier>
    </Filter>
    <Filter Include="Source Files\game\server">
      <UniqueIdentifier>{965687d9-b05b-4200-a472-bfc7ae235eb1}</UniqueIdentifier>
    </Filter>
    <Filter Include="Source Files\game\server\entities">
      <UniqueIdentifier>{e7e68e06-8e6f-40cb-981d-e31055a7b4ee}</UniqueIdentifier>
    </Filter>
    <Filter Include="Source Files\game\server\entities\xen">
      <UniqueIdentifier>{5f63c9ff-cdd3-4b71-bef3-cdbe259f1a5c}</UniqueIdentifier>
    </Filter>
    <Filter Include="Source Files\game\server\entities\npcs">
      <UniqueIdentifier>{e2c4843c-85b2-4b33-8165-3cbcfb78b980}</UniqueIdentifier>
    </Filter>
    <Filter Include="Source Files\game\server\entities\nodes">
      <UniqueIdentifier>{c7146c79-4c69-4afe-bb43-0607fa87e30f}</UniqueIdentifier>
    </Filter>
    <Filter Include="Source Files\game\server\entities\projectile">
      <UniqueIdentifier>{f53e6ca6-559f-4320-b352-c15cddc9fa32}</UniqueIdentifier>
    </Filter>
    <Filter Include="Source Files\game\server\entities\effects">
      <UniqueIdentifier>{e3f70f48-d81a-4727-9c10-defea463cd05}</UniqueIdentifier>
    </Filter>
  </ItemGroup>
  <ItemGroup>
    <ClCompile Include="AI_BaseNPC_Schedule.cpp">
      <Filter>Source Files</Filter>
    </ClCompile>
    <ClCompile Include="animating.cpp">
      <Filter>Source Files</Filter>
    </ClCompile>
    <ClCompile Include="animation.cpp">
      <Filter>Source Files</Filter>
    </ClCompile>
    <ClCompile Include="bmodels.cpp">
      <Filter>Source Files</Filter>
    </ClCompile>
    <ClCompile Include="cbase.cpp">
      <Filter>Source Files</Filter>
    </ClCompile>
    <ClCompile Include="client.cpp">
      <Filter>Source Files</Filter>
    </ClCompile>
    <ClCompile Include="combat.cpp">
      <Filter>Source Files</Filter>
    </ClCompile>
    <ClCompile Include="defaultai.cpp">
      <Filter>Source Files</Filter>
    </ClCompile>
    <ClCompile Include="effects.cpp">
      <Filter>Source Files</Filter>
    </ClCompile>
    <ClCompile Include="explode.cpp">
      <Filter>Source Files</Filter>
    </ClCompile>
    <ClCompile Include="func_break.cpp">
      <Filter>Source Files</Filter>
    </ClCompile>
    <ClCompile Include="func_tank.cpp">
      <Filter>Source Files</Filter>
    </ClCompile>
    <ClCompile Include="game.cpp">
      <Filter>Source Files</Filter>
    </ClCompile>
    <ClCompile Include="gamerules.cpp">
      <Filter>Source Files</Filter>
    </ClCompile>
    <ClCompile Include="ggrenade.cpp">
      <Filter>Source Files</Filter>
    </ClCompile>
    <ClCompile Include="globals.cpp">
      <Filter>Source Files</Filter>
    </ClCompile>
    <ClCompile Include="h_ai.cpp">
      <Filter>Source Files</Filter>
    </ClCompile>
    <ClCompile Include="h_battery.cpp">
      <Filter>Source Files</Filter>
    </ClCompile>
    <ClCompile Include="h_cine.cpp">
      <Filter>Source Files</Filter>
    </ClCompile>
    <ClCompile Include="h_cycler.cpp">
      <Filter>Source Files</Filter>
    </ClCompile>
    <ClCompile Include="h_export.cpp">
      <Filter>Source Files</Filter>
    </ClCompile>
    <ClCompile Include="hornet.cpp">
      <Filter>Source Files</Filter>
    </ClCompile>
    <ClCompile Include="lights.cpp">
      <Filter>Source Files</Filter>
    </ClCompile>
    <ClCompile Include="locus.cpp">
      <Filter>Source Files</Filter>
    </ClCompile>
    <ClCompile Include="maprules.cpp">
      <Filter>Source Files</Filter>
    </ClCompile>
    <ClCompile Include="monstermaker.cpp">
      <Filter>Source Files</Filter>
    </ClCompile>
    <ClCompile Include="monsters.cpp">
      <Filter>Source Files</Filter>
    </ClCompile>
    <ClCompile Include="monsterstate.cpp">
      <Filter>Source Files</Filter>
    </ClCompile>
    <ClCompile Include="movewith.cpp">
      <Filter>Source Files</Filter>
    </ClCompile>
    <ClCompile Include="multiplay_gamerules.cpp">
      <Filter>Source Files</Filter>
    </ClCompile>
    <ClCompile Include="nodes.cpp">
      <Filter>Source Files</Filter>
    </ClCompile>
    <ClCompile Include="pathcorner.cpp">
      <Filter>Source Files</Filter>
    </ClCompile>
    <ClCompile Include="plane.cpp">
      <Filter>Source Files</Filter>
    </ClCompile>
    <ClCompile Include="plats.cpp">
      <Filter>Source Files</Filter>
    </ClCompile>
    <ClCompile Include="player.cpp">
      <Filter>Source Files</Filter>
    </ClCompile>
    <ClCompile Include="..\pm_shared\pm_debug.c">
      <Filter>Source Files</Filter>
    </ClCompile>
    <ClCompile Include="..\pm_shared\pm_math.c">
      <Filter>Source Files</Filter>
    </ClCompile>
    <ClCompile Include="..\pm_shared\pm_shared.c">
      <Filter>Source Files</Filter>
    </ClCompile>
    <ClCompile Include="scripted.cpp">
      <Filter>Source Files</Filter>
    </ClCompile>
    <ClCompile Include="singleplay_gamerules.cpp">
      <Filter>Source Files</Filter>
    </ClCompile>
    <ClCompile Include="skill.cpp">
      <Filter>Source Files</Filter>
    </ClCompile>
    <ClCompile Include="sound.cpp">
      <Filter>Source Files</Filter>
    </ClCompile>
    <ClCompile Include="soundent.cpp">
      <Filter>Source Files</Filter>
    </ClCompile>
    <ClCompile Include="spectator.cpp">
      <Filter>Source Files</Filter>
    </ClCompile>
    <ClCompile Include="subs.cpp">
      <Filter>Source Files</Filter>
    </ClCompile>
    <ClCompile Include="teamplay_gamerules.cpp">
      <Filter>Source Files</Filter>
    </ClCompile>
    <ClCompile Include="triggers.cpp">
      <Filter>Source Files</Filter>
    </ClCompile>
    <ClCompile Include="util.cpp">
      <Filter>Source Files</Filter>
    </ClCompile>
    <ClCompile Include="..\game_shared\voice_gamemgr.cpp">
      <Filter>Source Files</Filter>
    </ClCompile>
    <ClCompile Include="weapons.cpp">
      <Filter>Source Files</Filter>
    </ClCompile>
    <ClCompile Include="world.cpp">
      <Filter>Source Files</Filter>
    </ClCompile>
    <ClCompile Include="weapon_satchel.cpp">
      <Filter>Source Files</Filter>
    </ClCompile>
    <ClCompile Include="weapon_rpg.cpp">
      <Filter>Source Files</Filter>
    </ClCompile>
    <ClCompile Include="weapon_python.cpp">
      <Filter>Source Files</Filter>
    </ClCompile>
    <ClCompile Include="weapon_tripmine.cpp">
      <Filter>Source Files</Filter>
    </ClCompile>
    <ClCompile Include="weapon_squeakgrenade.cpp">
      <Filter>Source Files</Filter>
    </ClCompile>
    <ClCompile Include="weapon_shotgun.cpp">
      <Filter>Source Files</Filter>
    </ClCompile>
    <ClCompile Include="weapon_mp5.cpp">
      <Filter>Source Files</Filter>
    </ClCompile>
    <ClCompile Include="weapon_hornetgun.cpp">
      <Filter>Source Files</Filter>
    </ClCompile>
    <ClCompile Include="weapon_glock.cpp">
      <Filter>Source Files</Filter>
    </ClCompile>
    <ClCompile Include="weapon_egon.cpp">
      <Filter>Source Files</Filter>
    </ClCompile>
    <ClCompile Include="weapon_crowbar.cpp">
      <Filter>Source Files</Filter>
    </ClCompile>
    <ClCompile Include="weapon_crossbow.cpp">
      <Filter>Source Files</Filter>
    </ClCompile>
    <ClCompile Include="item_airtank.cpp">
      <Filter>Source Files</Filter>
    </ClCompile>
    <ClCompile Include="func_buttons.cpp">
      <Filter>Source Files</Filter>
    </ClCompile>
    <ClCompile Include="weapon_debugger.cpp">
      <Filter>Source Files</Filter>
    </ClCompile>
    <ClCompile Include="func_doors.cpp">
      <Filter>Source Files</Filter>
    </ClCompile>
    <ClCompile Include="weapon_gauss.cpp">
      <Filter>Source Files</Filter>
    </ClCompile>
    <ClCompile Include="item_healthkit.cpp">
      <Filter>Source Files</Filter>
    </ClCompile>
    <ClCompile Include="item_items.cpp">
      <Filter>Source Files</Filter>
    </ClCompile>
    <ClCompile Include="func_mortar.cpp">
      <Filter>Source Files</Filter>
    </ClCompile>
    <ClCompile Include="weapon_handgrenade.cpp">
      <Filter>Source Files</Filter>
    </ClCompile>
    <ClCompile Include="..\game\server\entities\xen\xen.cpp">
      <Filter>Source Files\game\server\entities\xen</Filter>
    </ClCompile>
    <ClCompile Include="..\game\server\entities\CActAnimating.cpp">
      <Filter>Source Files\game\server\entities</Filter>
    </ClCompile>
    <ClCompile Include="..\game\server\entities\xen\CXenPLight.cpp">
      <Filter>Source Files\game\server\entities\xen</Filter>
    </ClCompile>
    <ClCompile Include="..\game\server\entities\xen\CXenHair.cpp">
      <Filter>Source Files\game\server\entities\xen</Filter>
    </ClCompile>
    <ClCompile Include="..\game\server\entities\xen\CXenTreeTrigger.cpp">
      <Filter>Source Files\game\server\entities\xen</Filter>
    </ClCompile>
    <ClCompile Include="..\game\server\entities\xen\CXenTree.cpp">
      <Filter>Source Files\game\server\entities\xen</Filter>
    </ClCompile>
    <ClCompile Include="..\game\server\entities\xen\CXenHull.cpp">
      <Filter>Source Files\game\server\entities\xen</Filter>
    </ClCompile>
    <ClCompile Include="..\game\server\entities\xen\CXenSporeSmall.cpp">
      <Filter>Source Files\game\server\entities\xen</Filter>
    </ClCompile>
    <ClCompile Include="..\game\server\entities\xen\CXenSporeMed.cpp">
      <Filter>Source Files\game\server\entities\xen</Filter>
    </ClCompile>
    <ClCompile Include="..\game\server\entities\xen\CXenSporeLarge.cpp">
      <Filter>Source Files\game\server\entities\xen</Filter>
    </ClCompile>
    <ClCompile Include="..\game\server\entities\xen\CXenSpore.cpp">
      <Filter>Source Files\game\server\entities\xen</Filter>
    </ClCompile>
    <ClCompile Include="..\game\server\entities\CInfoAlias.cpp">
      <Filter>Source Files\game\server\entities</Filter>
    </ClCompile>
    <ClCompile Include="..\game\server\entities\CInfoGroup.cpp">
      <Filter>Source Files\game\server\entities</Filter>
    </ClCompile>
    <ClCompile Include="..\game\server\entities\CBaseMutableAlias.cpp">
      <Filter>Source Files\game\server\entities</Filter>
    </ClCompile>
    <ClCompile Include="..\game\server\entities\CMultiAlias.cpp">
      <Filter>Source Files\game\server\entities</Filter>
    </ClCompile>
    <ClCompile Include="..\game\server\entities\CTriggerChangeAlias.cpp">
      <Filter>Source Files\game\server\entities</Filter>
    </ClCompile>
    <ClCompile Include="..\game\server\entities\npcs\CAGrunt.cpp">
      <Filter>Source Files\game\server\entities\npcs</Filter>
    </ClCompile>
    <ClCompile Include="..\game\server\entities\npcs\CApache.cpp">
      <Filter>Source Files\game\server\entities\npcs</Filter>
    </ClCompile>
    <ClCompile Include="..\game\server\entities\npcs\CBarnacle.cpp">
      <Filter>Source Files\game\server\entities\npcs</Filter>
    </ClCompile>
    <ClCompile Include="..\game\server\entities\npcs\CBarney.cpp">
      <Filter>Source Files\game\server\entities\npcs</Filter>
    </ClCompile>
    <ClCompile Include="..\game\server\entities\npcs\CBaseMonster.cpp">
      <Filter>Source Files\game\server\entities\npcs</Filter>
    </ClCompile>
    <ClCompile Include="..\game\server\entities\npcs\CBaseTurret.cpp">
      <Filter>Source Files\game\server\entities\npcs</Filter>
    </ClCompile>
    <ClCompile Include="..\game\server\entities\npcs\CBigMomma.cpp">
      <Filter>Source Files\game\server\entities\npcs</Filter>
    </ClCompile>
    <ClCompile Include="..\game\server\entities\npcs\CBloater.cpp">
      <Filter>Source Files\game\server\entities\npcs</Filter>
    </ClCompile>
    <ClCompile Include="..\game\server\entities\npcs\CBullsquid.cpp">
      <Filter>Source Files\game\server\entities\npcs</Filter>
    </ClCompile>
    <ClCompile Include="..\game\server\entities\npcs\CController.cpp">
      <Filter>Source Files\game\server\entities\npcs</Filter>
    </ClCompile>
    <ClCompile Include="..\game\server\entities\npcs\CFlockingFlyerFlock.cpp">
      <Filter>Source Files\game\server\entities\npcs</Filter>
    </ClCompile>
    <ClCompile Include="..\game\server\entities\npcs\CFlyingMonster.cpp">
      <Filter>Source Files\game\server\entities\npcs</Filter>
    </ClCompile>
    <ClCompile Include="..\game\server\entities\npcs\CGargantua.cpp">
      <Filter>Source Files\game\server\entities\npcs</Filter>
    </ClCompile>
    <ClCompile Include="..\game\server\entities\npcs\CGenericMonster.cpp">
      <Filter>Source Files\game\server\entities\npcs</Filter>
    </ClCompile>
    <ClCompile Include="..\game\server\entities\npcs\CGMan.cpp">
      <Filter>Source Files\game\server\entities\npcs</Filter>
    </ClCompile>
    <ClCompile Include="..\game\server\entities\npcs\CHAssassin.cpp">
      <Filter>Source Files\game\server\entities\npcs</Filter>
    </ClCompile>
    <ClCompile Include="..\game\server\entities\npcs\CHeadCrab.cpp">
      <Filter>Source Files\game\server\entities\npcs</Filter>
    </ClCompile>
    <ClCompile Include="..\game\server\entities\npcs\CHGrunt.cpp">
      <Filter>Source Files\game\server\entities\npcs</Filter>
    </ClCompile>
    <ClCompile Include="..\game\server\entities\npcs\CHoundeye.cpp">
      <Filter>Source Files\game\server\entities\npcs</Filter>
    </ClCompile>
    <ClCompile Include="..\game\server\entities\npcs\CIchthyosaur.cpp">
      <Filter>Source Files\game\server\entities\npcs</Filter>
    </ClCompile>
    <ClCompile Include="..\game\server\entities\npcs\CISlave.cpp">
      <Filter>Source Files\game\server\entities\npcs</Filter>
    </ClCompile>
    <ClCompile Include="..\game\server\entities\npcs\CLeech.cpp">
      <Filter>Source Files\game\server\entities\npcs</Filter>
    </ClCompile>
    <ClCompile Include="..\game\server\entities\npcs\CMiniTurret.cpp">
      <Filter>Source Files\game\server\entities\npcs</Filter>
    </ClCompile>
    <ClCompile Include="..\game\server\entities\npcs\CNihilanth.cpp">
      <Filter>Source Files\game\server\entities\npcs</Filter>
    </ClCompile>
    <ClCompile Include="..\game\server\entities\npcs\COsprey.cpp">
      <Filter>Source Files\game\server\entities\npcs</Filter>
    </ClCompile>
    <ClCompile Include="..\game\server\entities\npcs\COtis.cpp">
      <Filter>Source Files\game\server\entities\npcs</Filter>
    </ClCompile>
    <ClCompile Include="..\game\server\entities\npcs\CRat.cpp">
      <Filter>Source Files\game\server\entities\npcs</Filter>
    </ClCompile>
    <ClCompile Include="..\game\server\entities\npcs\CRoach.cpp">
      <Filter>Source Files\game\server\entities\npcs</Filter>
    </ClCompile>
    <ClCompile Include="..\game\server\entities\npcs\CScientist.cpp">
      <Filter>Source Files\game\server\entities\npcs</Filter>
    </ClCompile>
    <ClCompile Include="..\game\server\entities\npcs\CSentry.cpp">
      <Filter>Source Files\game\server\entities\npcs</Filter>
    </ClCompile>
    <ClCompile Include="..\game\server\entities\npcs\CSquadMonster.cpp">
      <Filter>Source Files\game\server\entities\npcs</Filter>
    </ClCompile>
    <ClCompile Include="..\game\server\entities\npcs\CTalkMonster.cpp">
      <Filter>Source Files\game\server\entities\npcs</Filter>
    </ClCompile>
    <ClCompile Include="..\game\server\entities\npcs\CTentacle.cpp">
      <Filter>Source Files\game\server\entities\npcs</Filter>
    </ClCompile>
    <ClCompile Include="..\game\server\entities\npcs\CTurret.cpp">
      <Filter>Source Files\game\server\entities\npcs</Filter>
    </ClCompile>
    <ClCompile Include="..\game\server\entities\npcs\CZombie.cpp">
      <Filter>Source Files\game\server\entities\npcs</Filter>
    </ClCompile>
    <ClCompile Include="..\game\server\entities\npcs\CFlockingFlyer.cpp">
      <Filter>Source Files\game\server\entities\npcs</Filter>
    </ClCompile>
    <ClCompile Include="..\game\server\entities\nodes\CInfoBM.cpp">
      <Filter>Source Files\game\server\entities\nodes</Filter>
    </ClCompile>
    <ClCompile Include="..\game\server\entities\projectile\CBMortar.cpp">
      <Filter>Source Files\game\server\entities\projectile</Filter>
    </ClCompile>
    <ClCompile Include="..\game\server\entities\npcs\CBabyCrab.cpp">
      <Filter>Source Files\game\server\entities\npcs</Filter>
    </ClCompile>
    <ClCompile Include="..\game\server\entities\npcs\CDeadOtis.cpp">
      <Filter>Source Files\game\server\entities\npcs</Filter>
    </ClCompile>
    <ClCompile Include="..\game\server\entities\npcs\CDeadGenericMonster.cpp">
      <Filter>Source Files\game\server\entities\npcs</Filter>
    </ClCompile>
    <ClCompile Include="..\game\server\entities\npcs\CTentacleMaw.cpp">
      <Filter>Source Files\game\server\entities\npcs</Filter>
    </ClCompile>
    <ClCompile Include="..\game\server\entities\projectile\CSquidSpit.cpp">
      <Filter>Source Files\game\server\entities\projectile</Filter>
    </ClCompile>
    <ClCompile Include="..\game\server\entities\projectile\CControllerZapBall.cpp">
      <Filter>Source Files\game\server\entities\projectile</Filter>
    </ClCompile>
    <ClCompile Include="..\game\server\entities\projectile\CControllerHeadBall.cpp">
      <Filter>Source Files\game\server\entities\projectile</Filter>
    </ClCompile>
    <ClCompile Include="..\game\server\entities\projectile\CStomp.cpp">
      <Filter>Source Files\game\server\entities\projectile</Filter>
    </ClCompile>
    <ClCompile Include="..\game\server\entities\effects\CSpiral.cpp">
      <Filter>Source Files\game\server\entities\effects</Filter>
    </ClCompile>
    <ClCompile Include="..\game\server\entities\projectile\CNihilanthHVR.cpp">
      <Filter>Source Files\game\server\entities\projectile</Filter>
    </ClCompile>
    <ClCompile Include="..\game\server\entities\effects\CSmoker.cpp">
      <Filter>Source Files\game\server\entities\effects</Filter>
    </ClCompile>
  </ItemGroup>
  <ItemGroup>
    <ClInclude Include="activity.h">
      <Filter>Header Files</Filter>
    </ClInclude>
    <ClInclude Include="activitymap.h">
      <Filter>Header Files</Filter>
    </ClInclude>
    <ClInclude Include="animation.h">
      <Filter>Header Files</Filter>
    </ClInclude>
    <ClInclude Include="basemonster.h">
      <Filter>Header Files</Filter>
    </ClInclude>
    <ClInclude Include="cbase.h">
      <Filter>Header Files</Filter>
    </ClInclude>
    <ClInclude Include="cdll_dll.h">
      <Filter>Header Files</Filter>
    </ClInclude>
    <ClInclude Include="client.h">
      <Filter>Header Files</Filter>
    </ClInclude>
    <ClInclude Include="decals.h">
      <Filter>Header Files</Filter>
    </ClInclude>
    <ClInclude Include="defaultai.h">
      <Filter>Header Files</Filter>
    </ClInclude>
    <ClInclude Include="doors.h">
      <Filter>Header Files</Filter>
    </ClInclude>
    <ClInclude Include="effects.h">
      <Filter>Header Files</Filter>
    </ClInclude>
    <ClInclude Include="..\engine\eiface.h">
      <Filter>Header Files</Filter>
    </ClInclude>
    <ClInclude Include="enginecallback.h">
      <Filter>Header Files</Filter>
    </ClInclude>
    <ClInclude Include="explode.h">
      <Filter>Header Files</Filter>
    </ClInclude>
    <ClInclude Include="extdll.h">
      <Filter>Header Files</Filter>
    </ClInclude>
    <ClInclude Include="func_break.h">
      <Filter>Header Files</Filter>
    </ClInclude>
    <ClInclude Include="gamerules.h">
      <Filter>Header Files</Filter>
    </ClInclude>
    <ClInclude Include="hornet.h">
      <Filter>Header Files</Filter>
    </ClInclude>
    <ClInclude Include="items.h">
      <Filter>Header Files</Filter>
    </ClInclude>
    <ClInclude Include="locus.h">
      <Filter>Header Files</Filter>
    </ClInclude>
    <ClInclude Include="monsterevent.h">
      <Filter>Header Files</Filter>
    </ClInclude>
    <ClInclude Include="monsters.h">
      <Filter>Header Files</Filter>
    </ClInclude>
    <ClInclude Include="movewith.h">
      <Filter>Header Files</Filter>
    </ClInclude>
    <ClInclude Include="nodes.h">
      <Filter>Header Files</Filter>
    </ClInclude>
    <ClInclude Include="plane.h">
      <Filter>Header Files</Filter>
    </ClInclude>
    <ClInclude Include="player.h">
      <Filter>Header Files</Filter>
    </ClInclude>
    <ClInclude Include="..\pm_shared\pm_debug.h">
      <Filter>Header Files</Filter>
    </ClInclude>
    <ClInclude Include="..\pm_shared\pm_defs.h">
      <Filter>Header Files</Filter>
    </ClInclude>
    <ClInclude Include="..\pm_shared\pm_info.h">
      <Filter>Header Files</Filter>
    </ClInclude>
    <ClInclude Include="..\pm_shared\pm_materials.h">
      <Filter>Header Files</Filter>
    </ClInclude>
    <ClInclude Include="..\pm_shared\pm_movevars.h">
      <Filter>Header Files</Filter>
    </ClInclude>
    <ClInclude Include="..\pm_shared\pm_shared.h">
      <Filter>Header Files</Filter>
    </ClInclude>
    <ClInclude Include="saverestore.h">
      <Filter>Header Files</Filter>
    </ClInclude>
    <ClInclude Include="schedule.h">
      <Filter>Header Files</Filter>
    </ClInclude>
    <ClInclude Include="scripted.h">
      <Filter>Header Files</Filter>
    </ClInclude>
    <ClInclude Include="scriptevent.h">
      <Filter>Header Files</Filter>
    </ClInclude>
    <ClInclude Include="skill.h">
      <Filter>Header Files</Filter>
    </ClInclude>
    <ClInclude Include="soundent.h">
      <Filter>Header Files</Filter>
    </ClInclude>
    <ClInclude Include="spectator.h">
      <Filter>Header Files</Filter>
    </ClInclude>
    <ClInclude Include="teamplay_gamerules.h">
      <Filter>Header Files</Filter>
    </ClInclude>
    <ClInclude Include="trains.h">
      <Filter>Header Files</Filter>
    </ClInclude>
    <ClInclude Include="util.h">
      <Filter>Header Files</Filter>
    </ClInclude>
    <ClInclude Include="vector.h">
      <Filter>Header Files</Filter>
    </ClInclude>
    <ClInclude Include="weapons.h">
      <Filter>Header Files</Filter>
    </ClInclude>
    <ClInclude Include="..\game\server\entities\CActAnimating.h">
      <Filter>Source Files\game\server\entities</Filter>
    </ClInclude>
    <ClInclude Include="..\game\server\entities\xen\CXenPLight.h">
      <Filter>Source Files\game\server\entities\xen</Filter>
    </ClInclude>
    <ClInclude Include="..\game\server\entities\xen\CXenHair.h">
      <Filter>Source Files\game\server\entities\xen</Filter>
    </ClInclude>
    <ClInclude Include="..\game\server\entities\xen\CXenTreeTrigger.h">
      <Filter>Source Files\game\server\entities\xen</Filter>
    </ClInclude>
    <ClInclude Include="..\game\server\entities\xen\CXenTree.h">
      <Filter>Source Files\game\server\entities\xen</Filter>
    </ClInclude>
    <ClInclude Include="..\game\server\entities\xen\CXenSpore.h">
      <Filter>Source Files\game\server\entities\xen</Filter>
    </ClInclude>
    <ClInclude Include="..\game\server\entities\xen\CXenHull.h">
      <Filter>Source Files\game\server\entities\xen</Filter>
    </ClInclude>
    <ClInclude Include="..\game\server\entities\xen\CXenSporeSmall.h">
      <Filter>Source Files\game\server\entities\xen</Filter>
    </ClInclude>
    <ClInclude Include="..\game\server\entities\xen\CXenSporeMed.h">
      <Filter>Source Files\game\server\entities\xen</Filter>
    </ClInclude>
    <ClInclude Include="..\game\server\entities\xen\CXenSporeLarge.h">
      <Filter>Source Files\game\server\entities\xen</Filter>
    </ClInclude>
    <ClInclude Include="..\game\server\entities\CInfoAlias.h">
      <Filter>Source Files\game\server\entities</Filter>
    </ClInclude>
    <ClInclude Include="..\game\server\entities\CInfoGroup.h">
      <Filter>Source Files\game\server\entities</Filter>
    </ClInclude>
    <ClInclude Include="..\game\server\entities\CBaseMutableAlias.h">
      <Filter>Source Files\game\server\entities</Filter>
    </ClInclude>
    <ClInclude Include="..\game\server\entities\CMultiAlias.h">
      <Filter>Source Files\game\server\entities</Filter>
    </ClInclude>
    <ClInclude Include="..\game\server\entities\CTriggerChangeAlias.h">
      <Filter>Source Files\game\server\entities</Filter>
    </ClInclude>
    <ClInclude Include="..\game\server\entities\npcs\CAGrunt.h">
      <Filter>Source Files\game\server\entities\npcs</Filter>
    </ClInclude>
    <ClInclude Include="..\game\server\entities\npcs\CApache.h">
      <Filter>Source Files\game\server\entities\npcs</Filter>
    </ClInclude>
    <ClInclude Include="..\game\server\entities\npcs\CBarnacle.h">
      <Filter>Source Files\game\server\entities\npcs</Filter>
    </ClInclude>
    <ClInclude Include="..\game\server\entities\npcs\CBarney.h">
      <Filter>Source Files\game\server\entities\npcs</Filter>
    </ClInclude>
    <ClInclude Include="..\game\server\entities\npcs\CBaseMonster.h">
      <Filter>Source Files\game\server\entities\npcs</Filter>
    </ClInclude>
    <ClInclude Include="..\game\server\entities\npcs\CBaseTurret.h">
      <Filter>Source Files\game\server\entities\npcs</Filter>
    </ClInclude>
    <ClInclude Include="..\game\server\entities\npcs\CBigMomma.h">
      <Filter>Source Files\game\server\entities\npcs</Filter>
    </ClInclude>
    <ClInclude Include="..\game\server\entities\npcs\CBloater.h">
      <Filter>Source Files\game\server\entities\npcs</Filter>
    </ClInclude>
    <ClInclude Include="..\game\server\entities\npcs\CBullsquid.h">
      <Filter>Source Files\game\server\entities\npcs</Filter>
    </ClInclude>
    <ClInclude Include="..\game\server\entities\npcs\CController.h">
      <Filter>Source Files\game\server\entities\npcs</Filter>
    </ClInclude>
    <ClInclude Include="..\game\server\entities\npcs\CFlockingFlyerFlock.h">
      <Filter>Source Files\game\server\entities\npcs</Filter>
    </ClInclude>
    <ClInclude Include="..\game\server\entities\npcs\CFlyingMonster.h">
      <Filter>Source Files\game\server\entities\npcs</Filter>
    </ClInclude>
    <ClInclude Include="..\game\server\entities\npcs\CGargantua.h">
      <Filter>Source Files\game\server\entities\npcs</Filter>
    </ClInclude>
    <ClInclude Include="..\game\server\entities\npcs\CGenericMonster.h">
      <Filter>Source Files\game\server\entities\npcs</Filter>
    </ClInclude>
    <ClInclude Include="..\game\server\entities\npcs\CGMan.h">
      <Filter>Source Files\game\server\entities\npcs</Filter>
    </ClInclude>
    <ClInclude Include="..\game\server\entities\npcs\CHAssassin.h">
      <Filter>Source Files\game\server\entities\npcs</Filter>
    </ClInclude>
    <ClInclude Include="..\game\server\entities\npcs\CHeadCrab.h">
      <Filter>Source Files\game\server\entities\npcs</Filter>
    </ClInclude>
    <ClInclude Include="..\game\server\entities\npcs\CHGrunt.h">
      <Filter>Source Files\game\server\entities\npcs</Filter>
    </ClInclude>
    <ClInclude Include="..\game\server\entities\npcs\CHoundeye.h">
      <Filter>Source Files\game\server\entities\npcs</Filter>
    </ClInclude>
    <ClInclude Include="..\game\server\entities\npcs\CIchthyosaur.h">
      <Filter>Source Files\game\server\entities\npcs</Filter>
    </ClInclude>
    <ClInclude Include="..\game\server\entities\npcs\CISlave.h">
      <Filter>Source Files\game\server\entities\npcs</Filter>
    </ClInclude>
    <ClInclude Include="..\game\server\entities\npcs\CLeech.h">
      <Filter>Source Files\game\server\entities\npcs</Filter>
    </ClInclude>
    <ClInclude Include="..\game\server\entities\npcs\CMiniTurret.h">
      <Filter>Source Files\game\server\entities\npcs</Filter>
    </ClInclude>
    <ClInclude Include="..\game\server\entities\npcs\CNihilanth.h">
      <Filter>Source Files\game\server\entities\npcs</Filter>
    </ClInclude>
    <ClInclude Include="..\game\server\entities\npcs\COsprey.h">
      <Filter>Source Files\game\server\entities\npcs</Filter>
    </ClInclude>
    <ClInclude Include="..\game\server\entities\npcs\COtis.h">
      <Filter>Source Files\game\server\entities\npcs</Filter>
    </ClInclude>
    <ClInclude Include="..\game\server\entities\npcs\CRat.h">
      <Filter>Source Files\game\server\entities\npcs</Filter>
    </ClInclude>
    <ClInclude Include="..\game\server\entities\npcs\CRoach.h">
      <Filter>Source Files\game\server\entities\npcs</Filter>
    </ClInclude>
    <ClInclude Include="..\game\server\entities\npcs\CScientist.h">
      <Filter>Source Files\game\server\entities\npcs</Filter>
    </ClInclude>
    <ClInclude Include="..\game\server\entities\npcs\CSentry.h">
      <Filter>Source Files\game\server\entities\npcs</Filter>
    </ClInclude>
    <ClInclude Include="..\game\server\entities\npcs\CSquadMonster.h">
      <Filter>Source Files\game\server\entities\npcs</Filter>
    </ClInclude>
    <ClInclude Include="..\game\server\entities\npcs\CTalkMonster.h">
      <Filter>Source Files\game\server\entities\npcs</Filter>
    </ClInclude>
    <ClInclude Include="..\game\server\entities\npcs\CTentacle.h">
      <Filter>Source Files\game\server\entities\npcs</Filter>
    </ClInclude>
    <ClInclude Include="..\game\server\entities\npcs\CTurret.h">
      <Filter>Source Files\game\server\entities\npcs</Filter>
    </ClInclude>
    <ClInclude Include="..\game\server\entities\npcs\CZombie.h">
      <Filter>Source Files\game\server\entities\npcs</Filter>
    </ClInclude>
    <ClInclude Include="..\game\server\entities\npcs\CFlockingFlyer.h">
      <Filter>Source Files\game\server\entities\npcs</Filter>
    </ClInclude>
    <ClInclude Include="..\game\server\entities\nodes\CInfoBM.h">
      <Filter>Source Files\game\server\entities\nodes</Filter>
    </ClInclude>
    <ClInclude Include="..\game\server\entities\projectile\CBMortar.h">
      <Filter>Source Files\game\server\entities\projectile</Filter>
    </ClInclude>
    <ClInclude Include="..\game\server\entities\npcs\CBabyCrab.h">
      <Filter>Source Files\game\server\entities\npcs</Filter>
    </ClInclude>
    <ClInclude Include="..\game\server\entities\npcs\CDeadOtis.h">
      <Filter>Source Files\game\server\entities\npcs</Filter>
    </ClInclude>
    <ClInclude Include="..\game\server\entities\npcs\CDeadGenericMonster.h">
      <Filter>Source Files\game\server\entities\npcs</Filter>
    </ClInclude>
    <ClInclude Include="..\game\server\entities\npcs\CTentacleMaw.h">
      <Filter>Source Files\game\server\entities\npcs</Filter>
    </ClInclude>
    <ClInclude Include="..\game\server\entities\projectile\CSquidSpit.h">
      <Filter>Source Files\game\server\entities\projectile</Filter>
    </ClInclude>
    <ClInclude Include="..\game\server\entities\projectile\CControllerZapBall.h">
      <Filter>Source Files\game\server\entities\projectile</Filter>
    </ClInclude>
    <ClInclude Include="..\game\server\entities\projectile\CControllerHeadBall.h">
      <Filter>Source Files\game\server\entities\projectile</Filter>
    </ClInclude>
    <ClInclude Include="..\game\server\entities\projectile\CStomp.h">
      <Filter>Source Files\game\server\entities\projectile</Filter>
    </ClInclude>
    <ClInclude Include="..\game\server\entities\effects\CSpiral.h">
      <Filter>Source Files\game\server\entities\effects</Filter>
    </ClInclude>
    <ClInclude Include="..\game\server\entities\projectile\CNihilanthHVR.h">
      <Filter>Source Files\game\server\entities\projectile</Filter>
    </ClInclude>
    <ClInclude Include="..\game\server\entities\effects\CSmoker.h">
      <Filter>Source Files\game\server\entities\effects</Filter>
    </ClInclude>
  </ItemGroup>
</Project>